// !$*UTF8*$!
{
	archiveVersion = 1;
	classes = {
	};
	objectVersion = 48;
	objects = {

/* Begin PBXBuildFile section */
		F02559AB1FA6959F00C62122 /* main.cpp in Sources */ = {isa = PBXBuildFile; fileRef = F02559AA1FA6959F00C62122 /* main.cpp */; };
		F02559B61FA6968700C62122 /* ReversePolishNotation.cpp in Sources */ = {isa = PBXBuildFile; fileRef = F02559B41FA6968700C62122 /* ReversePolishNotation.cpp */; };
		F02559B91FA696A300C62122 /* Stack.cpp in Sources */ = {isa = PBXBuildFile; fileRef = F02559B71FA696A300C62122 /* Stack.cpp */; };
		F02559C21FA696F700C62122 /* TokenizerParser.cpp in Sources */ = {isa = PBXBuildFile; fileRef = F02559C01FA696F700C62122 /* TokenizerParser.cpp */; };
		F02559C51FA6974100C62122 /* ArrayQueue.cpp in Sources */ = {isa = PBXBuildFile; fileRef = F02559C31FA6974100C62122 /* ArrayQueue.cpp */; };
/* End PBXBuildFile section */

/* Begin PBXCopyFilesBuildPhase section */
		F02559A51FA6959E00C62122 /* CopyFiles */ = {
			isa = PBXCopyFilesBuildPhase;
			buildActionMask = 2147483647;
			dstPath = /usr/share/man/man1/;
			dstSubfolderSpec = 0;
			files = (
			);
			runOnlyForDeploymentPostprocessing = 1;
		};
/* End PBXCopyFilesBuildPhase section */

/* Begin PBXFileReference section */
		F02559A71FA6959F00C62122 /* CS2ASS6 */ = {isa = PBXFileReference; explicitFileType = "compiled.mach-o.executable"; includeInIndex = 0; path = CS2ASS6; sourceTree = BUILT_PRODUCTS_DIR; };
		F02559AA1FA6959F00C62122 /* main.cpp */ = {isa = PBXFileReference; lastKnownFileType = sourcecode.cpp.cpp; path = main.cpp; sourceTree = "<group>"; };
		F02559B21FA6963C00C62122 /* ItemType.hpp */ = {isa = PBXFileReference; lastKnownFileType = sourcecode.cpp.h; path = ItemType.hpp; sourceTree = "<group>"; };
		F02559B41FA6968700C62122 /* ReversePolishNotation.cpp */ = {isa = PBXFileReference; lastKnownFileType = sourcecode.cpp.cpp; path = ReversePolishNotation.cpp; sourceTree = "<group>"; };
		F02559B51FA6968700C62122 /* ReversePolishNotation.hpp */ = {isa = PBXFileReference; lastKnownFileType = sourcecode.cpp.h; path = ReversePolishNotation.hpp; sourceTree = "<group>"; };
		F02559B71FA696A300C62122 /* Stack.cpp */ = {isa = PBXFileReference; lastKnownFileType = sourcecode.cpp.cpp; path = Stack.cpp; sourceTree = "<group>"; };
		F02559B81FA696A300C62122 /* Stack.hpp */ = {isa = PBXFileReference; lastKnownFileType = sourcecode.cpp.h; path = Stack.hpp; sourceTree = "<group>"; };
		F02559BB1FA696C500C62122 /* StackInterface.hpp */ = {isa = PBXFileReference; lastKnownFileType = sourcecode.cpp.h; path = StackInterface.hpp; sourceTree = "<group>"; };
		F02559C01FA696F700C62122 /* TokenizerParser.cpp */ = {isa = PBXFileReference; lastKnownFileType = sourcecode.cpp.cpp; path = TokenizerParser.cpp; sourceTree = "<group>"; };
		F02559C11FA696F700C62122 /* TokenizerParser.hpp */ = {isa = PBXFileReference; lastKnownFileType = sourcecode.cpp.h; path = TokenizerParser.hpp; sourceTree = "<group>"; };
		F02559C31FA6974100C62122 /* ArrayQueue.cpp */ = {isa = PBXFileReference; lastKnownFileType = sourcecode.cpp.cpp; path = ArrayQueue.cpp; sourceTree = "<group>"; };
		F02559C41FA6974100C62122 /* ArrayQueue.hpp */ = {isa = PBXFileReference; lastKnownFileType = sourcecode.cpp.h; path = ArrayQueue.hpp; sourceTree = "<group>"; };
		F02559C71FA6976800C62122 /* QueueInterface.hpp */ = {isa = PBXFileReference; lastKnownFileType = sourcecode.cpp.h; path = QueueInterface.hpp; sourceTree = "<group>"; };
/* End PBXFileReference section */

/* Begin PBXFrameworksBuildPhase section */
		F02559A41FA6959E00C62122 /* Frameworks */ = {
			isa = PBXFrameworksBuildPhase;
			buildActionMask = 2147483647;
			files = (
			);
			runOnlyForDeploymentPostprocessing = 0;
		};
/* End PBXFrameworksBuildPhase section */

/* Begin PBXGroup section */
		F025599E1FA6959E00C62122 = {
			isa = PBXGroup;
			children = (
				F02559A91FA6959F00C62122 /* CS2ASS6 */,
				F02559A81FA6959F00C62122 /* Products */,
			);
			sourceTree = "<group>";
		};
		F02559A81FA6959F00C62122 /* Products */ = {
			isa = PBXGroup;
			children = (
				F02559A71FA6959F00C62122 /* CS2ASS6 */,
			);
			name = Products;
			sourceTree = "<group>";
		};
		F02559A91FA6959F00C62122 /* CS2ASS6 */ = {
			isa = PBXGroup;
			children = (
				F02559AA1FA6959F00C62122 /* main.cpp */,
				F02559B21FA6963C00C62122 /* ItemType.hpp */,
				F02559B41FA6968700C62122 /* ReversePolishNotation.cpp */,
				F02559B51FA6968700C62122 /* ReversePolishNotation.hpp */,
				F02559B71FA696A300C62122 /* Stack.cpp */,
				F02559B81FA696A300C62122 /* Stack.hpp */,
				F02559BB1FA696C500C62122 /* StackInterface.hpp */,
				F02559C01FA696F700C62122 /* TokenizerParser.cpp */,
				F02559C11FA696F700C62122 /* TokenizerParser.hpp */,
				F02559C31FA6974100C62122 /* ArrayQueue.cpp */,
				F02559C41FA6974100C62122 /* ArrayQueue.hpp */,
				F02559C71FA6976800C62122 /* QueueInterface.hpp */,
			);
			path = CS2ASS6;
			sourceTree = "<group>";
		};
/* End PBXGroup section */

/* Begin PBXNativeTarget section */
		F02559A61FA6959E00C62122 /* CS2ASS6 */ = {
			isa = PBXNativeTarget;
			buildConfigurationList = F02559AE1FA6959F00C62122 /* Build configuration list for PBXNativeTarget "CS2ASS6" */;
			buildPhases = (
				F02559A31FA6959E00C62122 /* Sources */,
				F02559A41FA6959E00C62122 /* Frameworks */,
				F02559A51FA6959E00C62122 /* CopyFiles */,
			);
			buildRules = (
			);
			dependencies = (
			);
			name = CS2ASS6;
			productName = CS2ASS6;
			productReference = F02559A71FA6959F00C62122 /* CS2ASS6 */;
			productType = "com.apple.product-type.tool";
		};
/* End PBXNativeTarget section */

/* Begin PBXProject section */
		F025599F1FA6959E00C62122 /* Project object */ = {
			isa = PBXProject;
			attributes = {
				LastUpgradeCheck = 0900;
				ORGANIZATIONNAME = oc;
				TargetAttributes = {
					F02559A61FA6959E00C62122 = {
						CreatedOnToolsVersion = 9.0.1;
						ProvisioningStyle = Automatic;
					};
				};
			};
			buildConfigurationList = F02559A21FA6959E00C62122 /* Build configuration list for PBXProject "CS2ASS6" */;
			compatibilityVersion = "Xcode 8.0";
			developmentRegion = en;
			hasScannedForEncodings = 0;
			knownRegions = (
				en,
			);
			mainGroup = F025599E1FA6959E00C62122;
			productRefGroup = F02559A81FA6959F00C62122 /* Products */;
			projectDirPath = "";
			projectRoot = "";
			targets = (
				F02559A61FA6959E00C62122 /* CS2ASS6 */,
			);
		};
/* End PBXProject section */

/* Begin PBXSourcesBuildPhase section */
		F02559A31FA6959E00C62122 /* Sources */ = {
			isa = PBXSourcesBuildPhase;
			buildActionMask = 2147483647;
			files = (
				F02559C51FA6974100C62122 /* ArrayQueue.cpp in Sources */,
				F02559C21FA696F700C62122 /* TokenizerParser.cpp in Sources */,
				F02559AB1FA6959F00C62122 /* main.cpp in Sources */,
				F02559B61FA6968700C62122 /* ReversePolishNotation.cpp in Sources */,
				F02559B91FA696A300C62122 /* Stack.cpp in Sources */,
			);
			runOnlyForDeploymentPostprocessing = 0;
		};
/* End PBXSourcesBuildPhase section */

/* Begin XCBuildConfiguration section */
		F02559AC1FA6959F00C62122 /* Debug */ = {
			isa = XCBuildConfiguration;
			buildSettings = {
				ALWAYS_SEARCH_USER_PATHS = NO;
				CLANG_ANALYZER_NONNULL = YES;
				CLANG_ANALYZER_NUMBER_OBJECT_CONVERSION = YES_AGGRESSIVE;
				CLANG_CXX_LANGUAGE_STANDARD = "gnu++14";
				CLANG_CXX_LIBRARY = "libc++";
				CLANG_ENABLE_MODULES = YES;
				CLANG_ENABLE_OBJC_ARC = YES;
				CLANG_WARN_BLOCK_CAPTURE_AUTORELEASING = YES;
				CLANG_WARN_BOOL_CONVERSION = YES;
				CLANG_WARN_COMMA = YES;
				CLANG_WARN_CONSTANT_CONVERSION = YES;
				CLANG_WARN_DIRECT_OBJC_ISA_USAGE = YES_ERROR;
				CLANG_WARN_DOCUMENTATION_COMMENTS = YES;
				CLANG_WARN_EMPTY_BODY = YES;
				CLANG_WARN_ENUM_CONVERSION = YES;
				CLANG_WARN_INFINITE_RECURSION = YES;
				CLANG_WARN_INT_CONVERSION = YES;
				CLANG_WARN_NON_LITERAL_NULL_CONVERSION = YES;
				CLANG_WARN_OBJC_LITERAL_CONVERSION = YES;
				CLANG_WARN_OBJC_ROOT_CLASS = YES_ERROR;
				CLANG_WARN_RANGE_LOOP_ANALYSIS = YES;
				CLANG_WARN_STRICT_PROTOTYPES = YES;
				CLANG_WARN_SUSPICIOUS_MOVE = YES;
				CLANG_WARN_UNGUARDED_AVAILABILITY = YES_AGGRESSIVE;
				CLANG_WARN_UNREACHABLE_CODE = YES;
				CLANG_WARN__DUPLICATE_METHOD_MATCH = YES;
				CODE_SIGN_IDENTITY = "-";
				COPY_PHASE_STRIP = NO;
				DEBUG_INFORMATION_FORMAT = dwarf;
				ENABLE_STRICT_OBJC_MSGSEND = YES;
				ENABLE_TESTABILITY = YES;
				GCC_C_LANGUAGE_STANDARD = gnu11;
				GCC_DYNAMIC_NO_PIC = NO;
				GCC_NO_COMMON_BLOCKS = YES;
				GCC_OPTIMIZATION_LEVEL = 0;
				GCC_PREPROCESSOR_DEFINITIONS = (
					"DEBUG=1",
					"$(inherited)",
				);
				GCC_WARN_64_TO_32_BIT_CONVERSION = YES;
				GCC_WARN_ABOUT_RETURN_TYPE = YES_ERROR;
				GCC_WARN_UNDECLARED_SELECTOR = YES;
				GCC_WARN_UNINITIALIZED_AUTOS = YES_AGGRESSIVE;
				GCC_WARN_UNUSED_FUNCTION = YES;
				GCC_WARN_UNUSED_VARIABLE = YES;
				MACOSX_DEPLOYMENT_TARGET = 10.12;
				MTL_ENABLE_DEBUG_INFO = YES;
				ONLY_ACTIVE_ARCH = YES;
				SDKROOT = macosx;
			};
			name = Debug;
		};
		F02559AD1FA6959F00C62122 /* Release */ = {
			isa = XCBuildConfiguration;
			buildSettings = {
				ALWAYS_SEARCH_USER_PATHS = NO;
				CLANG_ANALYZER_NONNULL = YES;
				CLANG_ANALYZER_NUMBER_OBJECT_CONVERSION = YES_AGGRESSIVE;
				CLANG_CXX_LANGUAGE_STANDARD = "gnu++14";
				CLANG_CXX_LIBRARY = "libc++";
				CLANG_ENABLE_MODULES = YES;
				CLANG_ENABLE_OBJC_ARC = YES;
				CLANG_WARN_BLOCK_CAPTURE_AUTORELEASING = YES;
				CLANG_WARN_BOOL_CONVERSION = YES;
				CLANG_WARN_COMMA = YES;
				CLANG_WARN_CONSTANT_CONVERSION = YES;
				CLANG_WARN_DIRECT_OBJC_ISA_USAGE = YES_ERROR;
				CLANG_WARN_DOCUMENTATION_COMMENTS = YES;
				CLANG_WARN_EMPTY_BODY = YES;
				CLANG_WARN_ENUM_CONVERSION = YES;
				CLANG_WARN_INFINITE_RECURSION = YES;
				CLANG_WARN_INT_CONVERSION = YES;
				CLANG_WARN_NON_LITERAL_NULL_CONVERSION = YES;
				CLANG_WARN_OBJC_LITERAL_CONVERSION = YES;
				CLANG_WARN_OBJC_ROOT_CLASS = YES_ERROR;
				CLANG_WARN_RANGE_LOOP_ANALYSIS = YES;
				CLANG_WARN_STRICT_PROTOTYPES = YES;
				CLANG_WARN_SUSPICIOUS_MOVE = YES;
				CLANG_WARN_UNGUARDED_AVAILABILITY = YES_AGGRESSIVE;
				CLANG_WARN_UNREACHABLE_CODE = YES;
				CLANG_WARN__DUPLICATE_METHOD_MATCH = YES;
				CODE_SIGN_IDENTITY = "-";
				COPY_PHASE_STRIP = NO;
				DEBUG_INFORMATION_FORMAT = "dwarf-with-dsym";
				ENABLE_NS_ASSERTIONS = NO;
				ENABLE_STRICT_OBJC_MSGSEND = YES;
				GCC_C_LANGUAGE_STANDARD = gnu11;
				GCC_NO_COMMON_BLOCKS = YES;
				GCC_WARN_64_TO_32_BIT_CONVERSION = YES;
				GCC_WARN_ABOUT_RETURN_TYPE = YES_ERROR;
				GCC_WARN_UNDECLARED_SELECTOR = YES;
				GCC_WARN_UNINITIALIZED_AUTOS = YES_AGGRESSIVE;
				GCC_WARN_UNUSED_FUNCTION = YES;
				GCC_WARN_UNUSED_VARIABLE = YES;
				MACOSX_DEPLOYMENT_TARGET = 10.12;
				MTL_ENABLE_DEBUG_INFO = NO;
				SDKROOT = macosx;
			};
			name = Release;
		};
		F02559AF1FA6959F00C62122 /* Debug */ = {
			isa = XCBuildConfiguration;
			buildSettings = {
				CODE_SIGN_STYLE = Automatic;
				PRODUCT_NAME = "$(TARGET_NAME)";
			};
			name = Debug;
		};
		F02559B01FA6959F00C62122 /* Release */ = {
			isa = XCBuildConfiguration;
			buildSettings = {
				CODE_SIGN_STYLE = Automatic;
				PRODUCT_NAME = "$(TARGET_NAME)";
			};
			name = Release;
		};
/* End XCBuildConfiguration section */

/* Begin XCConfigurationList section */
		F02559A21FA6959E00C62122 /* Build configuration list for PBXProject "CS2ASS6" */ = {
			isa = XCConfigurationList;
			buildConfigurations = (
				F02559AC1FA6959F00C62122 /* Debug */,
				F02559AD1FA6959F00C62122 /* Release */,
			);
			defaultConfigurationIsVisible = 0;
			defaultConfigurationName = Release;
		};
		F02559AE1FA6959F00C62122 /* Build configuration list for PBXNativeTarget "CS2ASS6" */ = {
			isa = XCConfigurationList;
			buildConfigurations = (
				F02559AF1FA6959F00C62122 /* Debug */,
				F02559B01FA6959F00C62122 /* Release */,
			);
			defaultConfigurationIsVisible = 0;
			defaultConfigurationName = Release;
		};
/* End XCConfigurationList section */
	};
	rootObject = F025599F1FA6959E00C62122 /* Project object */;
}
