// !$*UTF8*$!
{
	archiveVersion = 1;
	classes = {
	};
	objectVersion = 48;
	objects = {

/* Begin PBXBuildFile section */
		F030C9491FB033A100C48242 /* Stack.cpp in Sources */ = {isa = PBXBuildFile; fileRef = F030C9471FB033A100C48242 /* Stack.cpp */; };
		F0C73DEB1FAA772D00ADD920 /* main.cpp in Sources */ = {isa = PBXBuildFile; fileRef = F0C73DEA1FAA772D00ADD920 /* main.cpp */; };
		F0C73DF31FAA774600ADD920 /* Employee.cpp in Sources */ = {isa = PBXBuildFile; fileRef = F0C73DF11FAA774600ADD920 /* Employee.cpp */; };
/* End PBXBuildFile section */

/* Begin PBXCopyFilesBuildPhase section */
		F0C73DE51FAA772D00ADD920 /* CopyFiles */ = {
			isa = PBXCopyFilesBuildPhase;
			buildActionMask = 2147483647;
			dstPath = /usr/share/man/man1/;
			dstSubfolderSpec = 0;
			files = (
			);
			runOnlyForDeploymentPostprocessing = 1;
		};
/* End PBXCopyFilesBuildPhase section */

/* Begin PBXFileReference section */
		F030C9471FB033A100C48242 /* Stack.cpp */ = {isa = PBXFileReference; lastKnownFileType = sourcecode.cpp.cpp; path = Stack.cpp; sourceTree = "<group>"; };
		F030C9481FB033A100C48242 /* Stack.hpp */ = {isa = PBXFileReference; lastKnownFileType = sourcecode.cpp.h; path = Stack.hpp; sourceTree = "<group>"; };
		F030C94B1FB033F700C48242 /* StackInterface.hpp */ = {isa = PBXFileReference; lastKnownFileType = sourcecode.cpp.h; path = StackInterface.hpp; sourceTree = "<group>"; };
		F030C94D1FB0341600C48242 /* ItemType.h */ = {isa = PBXFileReference; lastKnownFileType = sourcecode.c.h; path = ItemType.h; sourceTree = "<group>"; };
		F0C73DE71FAA772D00ADD920 /* CS2ASS7 */ = {isa = PBXFileReference; explicitFileType = "compiled.mach-o.executable"; includeInIndex = 0; path = CS2ASS7; sourceTree = BUILT_PRODUCTS_DIR; };
		F0C73DEA1FAA772D00ADD920 /* main.cpp */ = {isa = PBXFileReference; lastKnownFileType = sourcecode.cpp.cpp; path = main.cpp; sourceTree = "<group>"; };
		F0C73DF11FAA774600ADD920 /* Employee.cpp */ = {isa = PBXFileReference; lastKnownFileType = sourcecode.cpp.cpp; path = Employee.cpp; sourceTree = "<group>"; };
		F0C73DF21FAA774600ADD920 /* Employee.hpp */ = {isa = PBXFileReference; lastKnownFileType = sourcecode.cpp.h; path = Employee.hpp; sourceTree = "<group>"; };
/* End PBXFileReference section */

/* Begin PBXFrameworksBuildPhase section */
		F0C73DE41FAA772D00ADD920 /* Frameworks */ = {
			isa = PBXFrameworksBuildPhase;
			buildActionMask = 2147483647;
			files = (
			);
			runOnlyForDeploymentPostprocessing = 0;
		};
/* End PBXFrameworksBuildPhase section */

/* Begin PBXGroup section */
		F0C73DDE1FAA772D00ADD920 = {
			isa = PBXGroup;
			children = (
				F0C73DE91FAA772D00ADD920 /* CS2ASS7 */,
				F0C73DE81FAA772D00ADD920 /* Products */,
			);
			sourceTree = "<group>";
		};
		F0C73DE81FAA772D00ADD920 /* Products */ = {
			isa = PBXGroup;
			children = (
				F0C73DE71FAA772D00ADD920 /* CS2ASS7 */,
			);
			name = Products;
			sourceTree = "<group>";
		};
		F0C73DE91FAA772D00ADD920 /* CS2ASS7 */ = {
			isa = PBXGroup;
			children = (
				F0C73DEA1FAA772D00ADD920 /* main.cpp */,
				F0C73DF11FAA774600ADD920 /* Employee.cpp */,
				F0C73DF21FAA774600ADD920 /* Employee.hpp */,
				F030C9471FB033A100C48242 /* Stack.cpp */,
				F030C9481FB033A100C48242 /* Stack.hpp */,
				F030C94B1FB033F700C48242 /* StackInterface.hpp */,
				F030C94D1FB0341600C48242 /* ItemType.h */,
			);
			path = CS2ASS7;
			sourceTree = "<group>";
		};
/* End PBXGroup section */

/* Begin PBXNativeTarget section */
		F0C73DE61FAA772D00ADD920 /* CS2ASS7 */ = {
			isa = PBXNativeTarget;
			buildConfigurationList = F0C73DEE1FAA772D00ADD920 /* Build configuration list for PBXNativeTarget "CS2ASS7" */;
			buildPhases = (
				F0C73DE31FAA772D00ADD920 /* Sources */,
				F0C73DE41FAA772D00ADD920 /* Frameworks */,
				F0C73DE51FAA772D00ADD920 /* CopyFiles */,
			);
			buildRules = (
			);
			dependencies = (
			);
			name = CS2ASS7;
			productName = CS2ASS7;
			productReference = F0C73DE71FAA772D00ADD920 /* CS2ASS7 */;
			productType = "com.apple.product-type.tool";
		};
/* End PBXNativeTarget section */

/* Begin PBXProject section */
		F0C73DDF1FAA772D00ADD920 /* Project object */ = {
			isa = PBXProject;
			attributes = {
				LastUpgradeCheck = 0900;
				ORGANIZATIONNAME = oc;
				TargetAttributes = {
					F0C73DE61FAA772D00ADD920 = {
						CreatedOnToolsVersion = 9.0.1;
						ProvisioningStyle = Automatic;
					};
				};
			};
			buildConfigurationList = F0C73DE21FAA772D00ADD920 /* Build configuration list for PBXProject "CS2ASS7" */;
			compatibilityVersion = "Xcode 8.0";
			developmentRegion = en;
			hasScannedForEncodings = 0;
			knownRegions = (
				en,
			);
			mainGroup = F0C73DDE1FAA772D00ADD920;
			productRefGroup = F0C73DE81FAA772D00ADD920 /* Products */;
			projectDirPath = "";
			projectRoot = "";
			targets = (
				F0C73DE61FAA772D00ADD920 /* CS2ASS7 */,
			);
		};
/* End PBXProject section */

/* Begin PBXSourcesBuildPhase section */
		F0C73DE31FAA772D00ADD920 /* Sources */ = {
			isa = PBXSourcesBuildPhase;
			buildActionMask = 2147483647;
			files = (
				F0C73DEB1FAA772D00ADD920 /* main.cpp in Sources */,
				F0C73DF31FAA774600ADD920 /* Employee.cpp in Sources */,
				F030C9491FB033A100C48242 /* Stack.cpp in Sources */,
			);
			runOnlyForDeploymentPostprocessing = 0;
		};
/* End PBXSourcesBuildPhase section */

/* Begin XCBuildConfiguration section */
		F0C73DEC1FAA772D00ADD920 /* Debug */ = {
			isa = XCBuildConfiguration;
			buildSettings = {
				ALWAYS_SEARCH_USER_PATHS = NO;
				CLANG_ANALYZER_NONNULL = YES;
				CLANG_ANALYZER_NUMBER_OBJECT_CONVERSION = YES_AGGRESSIVE;
				CLANG_CXX_LANGUAGE_STANDARD = "gnu++14";
				CLANG_CXX_LIBRARY = "libc++";
				CLANG_ENABLE_MODULES = YES;
				CLANG_ENABLE_OBJC_ARC = YES;
				CLANG_WARN_BLOCK_CAPTURE_AUTORELEASING = YES;
				CLANG_WARN_BOOL_CONVERSION = YES;
				CLANG_WARN_COMMA = YES;
				CLANG_WARN_CONSTANT_CONVERSION = YES;
				CLANG_WARN_DIRECT_OBJC_ISA_USAGE = YES_ERROR;
				CLANG_WARN_DOCUMENTATION_COMMENTS = YES;
				CLANG_WARN_EMPTY_BODY = YES;
				CLANG_WARN_ENUM_CONVERSION = YES;
				CLANG_WARN_INFINITE_RECURSION = YES;
				CLANG_WARN_INT_CONVERSION = YES;
				CLANG_WARN_NON_LITERAL_NULL_CONVERSION = YES;
				CLANG_WARN_OBJC_LITERAL_CONVERSION = YES;
				CLANG_WARN_OBJC_ROOT_CLASS = YES_ERROR;
				CLANG_WARN_RANGE_LOOP_ANALYSIS = YES;
				CLANG_WARN_STRICT_PROTOTYPES = YES;
				CLANG_WARN_SUSPICIOUS_MOVE = YES;
				CLANG_WARN_UNGUARDED_AVAILABILITY = YES_AGGRESSIVE;
				CLANG_WARN_UNREACHABLE_CODE = YES;
				CLANG_WARN__DUPLICATE_METHOD_MATCH = YES;
				CODE_SIGN_IDENTITY = "-";
				COPY_PHASE_STRIP = NO;
				DEBUG_INFORMATION_FORMAT = dwarf;
				ENABLE_STRICT_OBJC_MSGSEND = YES;
				ENABLE_TESTABILITY = YES;
				GCC_C_LANGUAGE_STANDARD = gnu11;
				GCC_DYNAMIC_NO_PIC = NO;
				GCC_NO_COMMON_BLOCKS = YES;
				GCC_OPTIMIZATION_LEVEL = 0;
				GCC_PREPROCESSOR_DEFINITIONS = (
					"DEBUG=1",
					"$(inherited)",
				);
				GCC_WARN_64_TO_32_BIT_CONVERSION = YES;
				GCC_WARN_ABOUT_RETURN_TYPE = YES_ERROR;
				GCC_WARN_UNDECLARED_SELECTOR = YES;
				GCC_WARN_UNINITIALIZED_AUTOS = YES_AGGRESSIVE;
				GCC_WARN_UNUSED_FUNCTION = YES;
				GCC_WARN_UNUSED_VARIABLE = YES;
				MACOSX_DEPLOYMENT_TARGET = 10.12;
				MTL_ENABLE_DEBUG_INFO = YES;
				ONLY_ACTIVE_ARCH = YES;
				SDKROOT = macosx;
			};
			name = Debug;
		};
		F0C73DED1FAA772D00ADD920 /* Release */ = {
			isa = XCBuildConfiguration;
			buildSettings = {
				ALWAYS_SEARCH_USER_PATHS = NO;
				CLANG_ANALYZER_NONNULL = YES;
				CLANG_ANALYZER_NUMBER_OBJECT_CONVERSION = YES_AGGRESSIVE;
				CLANG_CXX_LANGUAGE_STANDARD = "gnu++14";
				CLANG_CXX_LIBRARY = "libc++";
				CLANG_ENABLE_MODULES = YES;
				CLANG_ENABLE_OBJC_ARC = YES;
				CLANG_WARN_BLOCK_CAPTURE_AUTORELEASING = YES;
				CLANG_WARN_BOOL_CONVERSION = YES;
				CLANG_WARN_COMMA = YES;
				CLANG_WARN_CONSTANT_CONVERSION = YES;
				CLANG_WARN_DIRECT_OBJC_ISA_USAGE = YES_ERROR;
				CLANG_WARN_DOCUMENTATION_COMMENTS = YES;
				CLANG_WARN_EMPTY_BODY = YES;
				CLANG_WARN_ENUM_CONVERSION = YES;
				CLANG_WARN_INFINITE_RECURSION = YES;
				CLANG_WARN_INT_CONVERSION = YES;
				CLANG_WARN_NON_LITERAL_NULL_CONVERSION = YES;
				CLANG_WARN_OBJC_LITERAL_CONVERSION = YES;
				CLANG_WARN_OBJC_ROOT_CLASS = YES_ERROR;
				CLANG_WARN_RANGE_LOOP_ANALYSIS = YES;
				CLANG_WARN_STRICT_PROTOTYPES = YES;
				CLANG_WARN_SUSPICIOUS_MOVE = YES;
				CLANG_WARN_UNGUARDED_AVAILABILITY = YES_AGGRESSIVE;
				CLANG_WARN_UNREACHABLE_CODE = YES;
				CLANG_WARN__DUPLICATE_METHOD_MATCH = YES;
				CODE_SIGN_IDENTITY = "-";
				COPY_PHASE_STRIP = NO;
				DEBUG_INFORMATION_FORMAT = "dwarf-with-dsym";
				ENABLE_NS_ASSERTIONS = NO;
				ENABLE_STRICT_OBJC_MSGSEND = YES;
				GCC_C_LANGUAGE_STANDARD = gnu11;
				GCC_NO_COMMON_BLOCKS = YES;
				GCC_WARN_64_TO_32_BIT_CONVERSION = YES;
				GCC_WARN_ABOUT_RETURN_TYPE = YES_ERROR;
				GCC_WARN_UNDECLARED_SELECTOR = YES;
				GCC_WARN_UNINITIALIZED_AUTOS = YES_AGGRESSIVE;
				GCC_WARN_UNUSED_FUNCTION = YES;
				GCC_WARN_UNUSED_VARIABLE = YES;
				MACOSX_DEPLOYMENT_TARGET = 10.12;
				MTL_ENABLE_DEBUG_INFO = NO;
				SDKROOT = macosx;
			};
			name = Release;
		};
		F0C73DEF1FAA772D00ADD920 /* Debug */ = {
			isa = XCBuildConfiguration;
			buildSettings = {
				CODE_SIGN_STYLE = Automatic;
				PRODUCT_NAME = "$(TARGET_NAME)";
			};
			name = Debug;
		};
		F0C73DF01FAA772D00ADD920 /* Release */ = {
			isa = XCBuildConfiguration;
			buildSettings = {
				CODE_SIGN_STYLE = Automatic;
				PRODUCT_NAME = "$(TARGET_NAME)";
			};
			name = Release;
		};
/* End XCBuildConfiguration section */

/* Begin XCConfigurationList section */
		F0C73DE21FAA772D00ADD920 /* Build configuration list for PBXProject "CS2ASS7" */ = {
			isa = XCConfigurationList;
			buildConfigurations = (
				F0C73DEC1FAA772D00ADD920 /* Debug */,
				F0C73DED1FAA772D00ADD920 /* Release */,
			);
			defaultConfigurationIsVisible = 0;
			defaultConfigurationName = Release;
		};
		F0C73DEE1FAA772D00ADD920 /* Build configuration list for PBXNativeTarget "CS2ASS7" */ = {
			isa = XCConfigurationList;
			buildConfigurations = (
				F0C73DEF1FAA772D00ADD920 /* Debug */,
				F0C73DF01FAA772D00ADD920 /* Release */,
			);
			defaultConfigurationIsVisible = 0;
			defaultConfigurationName = Release;
		};
/* End XCConfigurationList section */
	};
	rootObject = F0C73DDF1FAA772D00ADD920 /* Project object */;
}
