// !$*UTF8*$!
{
	archiveVersion = 1;
	classes = {
	};
	objectVersion = 48;
	objects = {

/* Begin PBXBuildFile section */
		F01D2B9F1FD5E84200847503 /* WordList.cpp in Sources */ = {isa = PBXBuildFile; fileRef = F01D2B9D1FD5E84200847503 /* WordList.cpp */; };
		F03F8DF91FDE5A8B00049D85 /* Added.cpp in Sources */ = {isa = PBXBuildFile; fileRef = F03F8DF71FDE5A8B00049D85 /* Added.cpp */; };
		F0CDA22B1FCF4FA4000F8ED5 /* main.cpp in Sources */ = {isa = PBXBuildFile; fileRef = F0CDA22A1FCF4FA4000F8ED5 /* main.cpp */; };
/* End PBXBuildFile section */

/* Begin PBXCopyFilesBuildPhase section */
		F0CDA2251FCF4FA4000F8ED5 /* CopyFiles */ = {
			isa = PBXCopyFilesBuildPhase;
			buildActionMask = 2147483647;
			dstPath = /usr/share/man/man1/;
			dstSubfolderSpec = 0;
			files = (
			);
			runOnlyForDeploymentPostprocessing = 1;
		};
/* End PBXCopyFilesBuildPhase section */

/* Begin PBXFileReference section */
		F01D2B9D1FD5E84200847503 /* WordList.cpp */ = {isa = PBXFileReference; lastKnownFileType = sourcecode.cpp.cpp; path = WordList.cpp; sourceTree = "<group>"; };
		F01D2B9E1FD5E84200847503 /* WordList.hpp */ = {isa = PBXFileReference; lastKnownFileType = sourcecode.cpp.h; path = WordList.hpp; sourceTree = "<group>"; };
		F03F8DF71FDE5A8B00049D85 /* Added.cpp */ = {isa = PBXFileReference; lastKnownFileType = sourcecode.cpp.cpp; path = Added.cpp; sourceTree = "<group>"; };
		F03F8DF81FDE5A8B00049D85 /* Added.hpp */ = {isa = PBXFileReference; lastKnownFileType = sourcecode.cpp.h; path = Added.hpp; sourceTree = "<group>"; };
		F076FCBB1FDE4B2A00CDC66D /* text3.txt */ = {isa = PBXFileReference; lastKnownFileType = text; path = text3.txt; sourceTree = "<group>"; };
		F076FCBC1FDE4B5F00CDC66D /* text3.txt.pdf */ = {isa = PBXFileReference; lastKnownFileType = image.pdf; path = text3.txt.pdf; sourceTree = "<group>"; };
		F076FCBD1FDE4B6A00CDC66D /* ResultFromText3.txt */ = {isa = PBXFileReference; lastKnownFileType = text; path = ResultFromText3.txt; sourceTree = "<group>"; };
		F0CDA2271FCF4FA4000F8ED5 /* CS2ASS10 */ = {isa = PBXFileReference; explicitFileType = "compiled.mach-o.executable"; includeInIndex = 0; path = CS2ASS10; sourceTree = BUILT_PRODUCTS_DIR; };
		F0CDA22A1FCF4FA4000F8ED5 /* main.cpp */ = {isa = PBXFileReference; lastKnownFileType = sourcecode.cpp.cpp; path = main.cpp; sourceTree = "<group>"; };
		F0CDA2311FCF4FE9000F8ED5 /* iterator.h */ = {isa = PBXFileReference; lastKnownFileType = sourcecode.c.h; path = iterator.h; sourceTree = "<group>"; };
		F0CDA2321FCF4FFA000F8ED5 /* linkedlistinterface.h */ = {isa = PBXFileReference; lastKnownFileType = sourcecode.c.h; path = linkedlistinterface.h; sourceTree = "<group>"; };
/* End PBXFileReference section */

/* Begin PBXFrameworksBuildPhase section */
		F0CDA2241FCF4FA4000F8ED5 /* Frameworks */ = {
			isa = PBXFrameworksBuildPhase;
			buildActionMask = 2147483647;
			files = (
			);
			runOnlyForDeploymentPostprocessing = 0;
		};
/* End PBXFrameworksBuildPhase section */

/* Begin PBXGroup section */
		F0CDA21E1FCF4FA4000F8ED5 = {
			isa = PBXGroup;
			children = (
				F0CDA2291FCF4FA4000F8ED5 /* CS2ASS10 */,
				F0CDA2281FCF4FA4000F8ED5 /* Products */,
			);
			sourceTree = "<group>";
		};
		F0CDA2281FCF4FA4000F8ED5 /* Products */ = {
			isa = PBXGroup;
			children = (
				F0CDA2271FCF4FA4000F8ED5 /* CS2ASS10 */,
			);
			name = Products;
			sourceTree = "<group>";
		};
		F0CDA2291FCF4FA4000F8ED5 /* CS2ASS10 */ = {
			isa = PBXGroup;
			children = (
				F0CDA22A1FCF4FA4000F8ED5 /* main.cpp */,
				F0CDA2311FCF4FE9000F8ED5 /* iterator.h */,
				F01D2B9D1FD5E84200847503 /* WordList.cpp */,
				F01D2B9E1FD5E84200847503 /* WordList.hpp */,
				F03F8DF71FDE5A8B00049D85 /* Added.cpp */,
				F03F8DF81FDE5A8B00049D85 /* Added.hpp */,
				F0CDA2321FCF4FFA000F8ED5 /* linkedlistinterface.h */,
				F076FCBC1FDE4B5F00CDC66D /* text3.txt.pdf */,
				F076FCBD1FDE4B6A00CDC66D /* ResultFromText3.txt */,
				F076FCBB1FDE4B2A00CDC66D /* text3.txt */,
			);
			path = CS2ASS10;
			sourceTree = "<group>";
		};
/* End PBXGroup section */

/* Begin PBXNativeTarget section */
		F0CDA2261FCF4FA4000F8ED5 /* CS2ASS10 */ = {
			isa = PBXNativeTarget;
			buildConfigurationList = F0CDA22E1FCF4FA4000F8ED5 /* Build configuration list for PBXNativeTarget "CS2ASS10" */;
			buildPhases = (
				F0CDA2231FCF4FA4000F8ED5 /* Sources */,
				F0CDA2241FCF4FA4000F8ED5 /* Frameworks */,
				F0CDA2251FCF4FA4000F8ED5 /* CopyFiles */,
			);
			buildRules = (
			);
			dependencies = (
			);
			name = CS2ASS10;
			productName = CS2ASS10;
			productReference = F0CDA2271FCF4FA4000F8ED5 /* CS2ASS10 */;
			productType = "com.apple.product-type.tool";
		};
/* End PBXNativeTarget section */

/* Begin PBXProject section */
		F0CDA21F1FCF4FA4000F8ED5 /* Project object */ = {
			isa = PBXProject;
			attributes = {
				LastUpgradeCheck = 0910;
				ORGANIZATIONNAME = bruh;
				TargetAttributes = {
					F0CDA2261FCF4FA4000F8ED5 = {
						CreatedOnToolsVersion = 9.1;
						ProvisioningStyle = Automatic;
					};
				};
			};
			buildConfigurationList = F0CDA2221FCF4FA4000F8ED5 /* Build configuration list for PBXProject "CS2ASS10" */;
			compatibilityVersion = "Xcode 8.0";
			developmentRegion = en;
			hasScannedForEncodings = 0;
			knownRegions = (
				en,
			);
			mainGroup = F0CDA21E1FCF4FA4000F8ED5;
			productRefGroup = F0CDA2281FCF4FA4000F8ED5 /* Products */;
			projectDirPath = "";
			projectRoot = "";
			targets = (
				F0CDA2261FCF4FA4000F8ED5 /* CS2ASS10 */,
			);
		};
/* End PBXProject section */

/* Begin PBXSourcesBuildPhase section */
		F0CDA2231FCF4FA4000F8ED5 /* Sources */ = {
			isa = PBXSourcesBuildPhase;
			buildActionMask = 2147483647;
			files = (
				F03F8DF91FDE5A8B00049D85 /* Added.cpp in Sources */,
				F0CDA22B1FCF4FA4000F8ED5 /* main.cpp in Sources */,
				F01D2B9F1FD5E84200847503 /* WordList.cpp in Sources */,
			);
			runOnlyForDeploymentPostprocessing = 0;
		};
/* End PBXSourcesBuildPhase section */

/* Begin XCBuildConfiguration section */
		F0CDA22C1FCF4FA4000F8ED5 /* Debug */ = {
			isa = XCBuildConfiguration;
			buildSettings = {
				ALWAYS_SEARCH_USER_PATHS = NO;
				CLANG_ANALYZER_NONNULL = YES;
				CLANG_ANALYZER_NUMBER_OBJECT_CONVERSION = YES_AGGRESSIVE;
				CLANG_CXX_LANGUAGE_STANDARD = "gnu++14";
				CLANG_CXX_LIBRARY = "libc++";
				CLANG_ENABLE_MODULES = YES;
				CLANG_ENABLE_OBJC_ARC = YES;
				CLANG_WARN_BLOCK_CAPTURE_AUTORELEASING = YES;
				CLANG_WARN_BOOL_CONVERSION = YES;
				CLANG_WARN_COMMA = YES;
				CLANG_WARN_CONSTANT_CONVERSION = YES;
				CLANG_WARN_DIRECT_OBJC_ISA_USAGE = YES_ERROR;
				CLANG_WARN_DOCUMENTATION_COMMENTS = YES;
				CLANG_WARN_EMPTY_BODY = YES;
				CLANG_WARN_ENUM_CONVERSION = YES;
				CLANG_WARN_INFINITE_RECURSION = YES;
				CLANG_WARN_INT_CONVERSION = YES;
				CLANG_WARN_NON_LITERAL_NULL_CONVERSION = YES;
				CLANG_WARN_OBJC_LITERAL_CONVERSION = YES;
				CLANG_WARN_OBJC_ROOT_CLASS = YES_ERROR;
				CLANG_WARN_RANGE_LOOP_ANALYSIS = YES;
				CLANG_WARN_STRICT_PROTOTYPES = YES;
				CLANG_WARN_SUSPICIOUS_MOVE = YES;
				CLANG_WARN_UNGUARDED_AVAILABILITY = YES_AGGRESSIVE;
				CLANG_WARN_UNREACHABLE_CODE = YES;
				CLANG_WARN__DUPLICATE_METHOD_MATCH = YES;
				CODE_SIGN_IDENTITY = "-";
				COPY_PHASE_STRIP = NO;
				DEBUG_INFORMATION_FORMAT = dwarf;
				ENABLE_STRICT_OBJC_MSGSEND = YES;
				ENABLE_TESTABILITY = YES;
				GCC_C_LANGUAGE_STANDARD = gnu11;
				GCC_DYNAMIC_NO_PIC = NO;
				GCC_NO_COMMON_BLOCKS = YES;
				GCC_OPTIMIZATION_LEVEL = 0;
				GCC_PREPROCESSOR_DEFINITIONS = (
					"DEBUG=1",
					"$(inherited)",
				);
				GCC_WARN_64_TO_32_BIT_CONVERSION = YES;
				GCC_WARN_ABOUT_RETURN_TYPE = YES_ERROR;
				GCC_WARN_UNDECLARED_SELECTOR = YES;
				GCC_WARN_UNINITIALIZED_AUTOS = YES_AGGRESSIVE;
				GCC_WARN_UNUSED_FUNCTION = YES;
				GCC_WARN_UNUSED_VARIABLE = YES;
				MACOSX_DEPLOYMENT_TARGET = 10.13;
				MTL_ENABLE_DEBUG_INFO = YES;
				ONLY_ACTIVE_ARCH = YES;
				SDKROOT = macosx;
			};
			name = Debug;
		};
		F0CDA22D1FCF4FA4000F8ED5 /* Release */ = {
			isa = XCBuildConfiguration;
			buildSettings = {
				ALWAYS_SEARCH_USER_PATHS = NO;
				CLANG_ANALYZER_NONNULL = YES;
				CLANG_ANALYZER_NUMBER_OBJECT_CONVERSION = YES_AGGRESSIVE;
				CLANG_CXX_LANGUAGE_STANDARD = "gnu++14";
				CLANG_CXX_LIBRARY = "libc++";
				CLANG_ENABLE_MODULES = YES;
				CLANG_ENABLE_OBJC_ARC = YES;
				CLANG_WARN_BLOCK_CAPTURE_AUTORELEASING = YES;
				CLANG_WARN_BOOL_CONVERSION = YES;
				CLANG_WARN_COMMA = YES;
				CLANG_WARN_CONSTANT_CONVERSION = YES;
				CLANG_WARN_DIRECT_OBJC_ISA_USAGE = YES_ERROR;
				CLANG_WARN_DOCUMENTATION_COMMENTS = YES;
				CLANG_WARN_EMPTY_BODY = YES;
				CLANG_WARN_ENUM_CONVERSION = YES;
				CLANG_WARN_INFINITE_RECURSION = YES;
				CLANG_WARN_INT_CONVERSION = YES;
				CLANG_WARN_NON_LITERAL_NULL_CONVERSION = YES;
				CLANG_WARN_OBJC_LITERAL_CONVERSION = YES;
				CLANG_WARN_OBJC_ROOT_CLASS = YES_ERROR;
				CLANG_WARN_RANGE_LOOP_ANALYSIS = YES;
				CLANG_WARN_STRICT_PROTOTYPES = YES;
				CLANG_WARN_SUSPICIOUS_MOVE = YES;
				CLANG_WARN_UNGUARDED_AVAILABILITY = YES_AGGRESSIVE;
				CLANG_WARN_UNREACHABLE_CODE = YES;
				CLANG_WARN__DUPLICATE_METHOD_MATCH = YES;
				CODE_SIGN_IDENTITY = "-";
				COPY_PHASE_STRIP = NO;
				DEBUG_INFORMATION_FORMAT = "dwarf-with-dsym";
				ENABLE_NS_ASSERTIONS = NO;
				ENABLE_STRICT_OBJC_MSGSEND = YES;
				GCC_C_LANGUAGE_STANDARD = gnu11;
				GCC_NO_COMMON_BLOCKS = YES;
				GCC_WARN_64_TO_32_BIT_CONVERSION = YES;
				GCC_WARN_ABOUT_RETURN_TYPE = YES_ERROR;
				GCC_WARN_UNDECLARED_SELECTOR = YES;
				GCC_WARN_UNINITIALIZED_AUTOS = YES_AGGRESSIVE;
				GCC_WARN_UNUSED_FUNCTION = YES;
				GCC_WARN_UNUSED_VARIABLE = YES;
				MACOSX_DEPLOYMENT_TARGET = 10.13;
				MTL_ENABLE_DEBUG_INFO = NO;
				SDKROOT = macosx;
			};
			name = Release;
		};
		F0CDA22F1FCF4FA4000F8ED5 /* Debug */ = {
			isa = XCBuildConfiguration;
			buildSettings = {
				CODE_SIGN_STYLE = Automatic;
				PRODUCT_NAME = "$(TARGET_NAME)";
			};
			name = Debug;
		};
		F0CDA2301FCF4FA4000F8ED5 /* Release */ = {
			isa = XCBuildConfiguration;
			buildSettings = {
				CODE_SIGN_STYLE = Automatic;
				PRODUCT_NAME = "$(TARGET_NAME)";
			};
			name = Release;
		};
/* End XCBuildConfiguration section */

/* Begin XCConfigurationList section */
		F0CDA2221FCF4FA4000F8ED5 /* Build configuration list for PBXProject "CS2ASS10" */ = {
			isa = XCConfigurationList;
			buildConfigurations = (
				F0CDA22C1FCF4FA4000F8ED5 /* Debug */,
				F0CDA22D1FCF4FA4000F8ED5 /* Release */,
			);
			defaultConfigurationIsVisible = 0;
			defaultConfigurationName = Release;
		};
		F0CDA22E1FCF4FA4000F8ED5 /* Build configuration list for PBXNativeTarget "CS2ASS10" */ = {
			isa = XCConfigurationList;
			buildConfigurations = (
				F0CDA22F1FCF4FA4000F8ED5 /* Debug */,
				F0CDA2301FCF4FA4000F8ED5 /* Release */,
			);
			defaultConfigurationIsVisible = 0;
			defaultConfigurationName = Release;
		};
/* End XCConfigurationList section */
	};
	rootObject = F0CDA21F1FCF4FA4000F8ED5 /* Project object */;
}
